
Microsoft Visual Studio Solution File, Format Version 12.00
# Visual Studio 15
VisualStudioVersion = 15.0.26430.15
MinimumVisualStudioVersion = 10.0.40219.1
Project("{FAE04EC0-301F-11D3-BF4B-00C04F79EFBC}") = "TestExt.ExternalDependencies", "TestExt.ExternalDependencies\TestExt.ExternalDependencies.csproj", "{70C6A520-D1FC-4388-AE5A-41E8E13A62D1}"
EndProject
Project("{FAE04EC0-301F-11D3-BF4B-00C04F79EFBC}") = "TestExt", "TestExt\TestExt.csproj", "{C05571F3-0EBC-421D-AA32-9020E0360DE5}"
	ProjectSection(ProjectDependencies) = postProject
		{70C6A520-D1FC-4388-AE5A-41E8E13A62D1} = {70C6A520-D1FC-4388-AE5A-41E8E13A62D1}
	EndProjectSection
EndProject
Project("{FAE04EC0-301F-11D3-BF4B-00C04F79EFBC}") = "TestExt.Tests", "TestExt.Tests\TestExt.Tests.csproj", "{ACC59C2F-2998-492B-ABA3-FE820FEC25C9}"
	ProjectSection(ProjectDependencies) = postProject
		{70C6A520-D1FC-4388-AE5A-41E8E13A62D1} = {70C6A520-D1FC-4388-AE5A-41E8E13A62D1}
	EndProjectSection
EndProject
Global
	GlobalSection(SolutionConfigurationPlatforms) = preSolution
		Debug|Any CPU = Debug|Any CPU
		Release|Any CPU = Release|Any CPU
	EndGlobalSection
	GlobalSection(ProjectConfigurationPlatforms) = postSolution
		{70C6A520-D1FC-4388-AE5A-41E8E13A62D1}.Debug|Any CPU.ActiveCfg = Debug|Any CPU
		{70C6A520-D1FC-4388-AE5A-41E8E13A62D1}.Debug|Any CPU.Build.0 = Debug|Any CPU
		{70C6A520-D1FC-4388-AE5A-41E8E13A62D1}.Release|Any CPU.ActiveCfg = Release|Any CPU
		{70C6A520-D1FC-4388-AE5A-41E8E13A62D1}.Release|Any CPU.Build.0 = Release|Any CPU
		{C05571F3-0EBC-421D-AA32-9020E0360DE5}.Debug|Any CPU.ActiveCfg = Debug|Any CPU
		{C05571F3-0EBC-421D-AA32-9020E0360DE5}.Debug|Any CPU.Build.0 = Debug|Any CPU
		{C05571F3-0EBC-421D-AA32-9020E0360DE5}.Release|Any CPU.ActiveCfg = Release|Any CPU
		{C05571F3-0EBC-421D-AA32-9020E0360DE5}.Release|Any CPU.Build.0 = Release|Any CPU
		{ACC59C2F-2998-492B-ABA3-FE820FEC25C9}.Debug|Any CPU.ActiveCfg = Debug|Any CPU
		{ACC59C2F-2998-492B-ABA3-FE820FEC25C9}.Debug|Any CPU.Build.0 = Debug|Any CPU
		{ACC59C2F-2998-492B-ABA3-FE820FEC25C9}.Release|Any CPU.ActiveCfg = Release|Any CPU
		{ACC59C2F-2998-492B-ABA3-FE820FEC25C9}.Release|Any CPU.Build.0 = Release|Any CPU
	EndGlobalSection
	GlobalSection(SolutionProperties) = preSolution
		HideSolutionNode = FALSE
	EndGlobalSection
EndGlobal
